
Microsoft Visual Studio Solution File, Format Version 12.00
# Visual Studio Version 17
VisualStudioVersion = 17.0.31903.59
MinimumVisualStudioVersion = 10.0.40219.1
Project("{FAE04EC0-301F-11D3-BF4B-00C04F79EFBC}") = "Core", "src\Core\Core.csproj", "{80223D78-E465-40F1-A054-109CDDD90B57}"
EndProject
Project("{FAE04EC0-301F-11D3-BF4B-00C04F79EFBC}") = "Application", "src\Application\Application.csproj", "{E1039872-4638-40F0-8A3F-368BC5D79308}"
EndProject
Project("{FAE04EC0-301F-11D3-BF4B-00C04F79EFBC}") = "Infrastructure", "src\Infrastructure\Infrastructure.csproj", "{535D6C0F-7D47-47F0-9382-F6D49198BE94}"
EndProject
Project("{FAE04EC0-301F-11D3-BF4B-00C04F79EFBC}") = "API", "src\API\API.csproj", "{80FC8099-25F2-4FF4-A01E-E8813FD0BDAB}"
EndProject
Project("{2150E333-8FDC-42A3-9474-1A3956D46DE8}") = "tests", "tests", "{0AB3BF05-4346-4AA6-1389-037BE0695223}"
EndProject
Project("{FAE04EC0-301F-11D3-BF4B-00C04F79EFBC}") = "UnitTests", "tests\UnitTests\UnitTests.csproj", "{B5A881A8-7490-4852-B94F-B5F8B941C8BE}"
EndProject
Project("{FAE04EC0-301F-11D3-BF4B-00C04F79EFBC}") = "IntegrationTests", "tests\IntegrationTests\IntegrationTests.csproj", "{51BC1266-1DE1-4F62-AAEF-A00FA119F8BF}"
EndProject
Project("{2150E333-8FDC-42A3-9474-1A3956D46DE8}") = "MessageService", "MessageService", "{E22D8CE4-C7E7-4093-90E0-6748FC1786EA}"
EndProject
Project("{FAE04EC0-301F-11D3-BF4B-00C04F79EFBC}") = "MessageService.Application", "src\MessageService\MessageService.Application\MessageService.Application.csproj", "{9789F296-8FC0-4A21-8DC5-77BF78FD402C}"
EndProject
Project("{FAE04EC0-301F-11D3-BF4B-00C04F79EFBC}") = "MessageService.API", "src\MessageService\MessageService.API\MessageService.API.csproj", "{E84BF4ED-20E3-44ED-BB0E-35E966BFD267}"
EndProject
Project("{FAE04EC0-301F-11D3-BF4B-00C04F79EFBC}") = "MessageService.Core", "src\MessageService\MessageService.Core\MessageService.Core.csproj", "{49188A48-E8A1-44E9-9999-BBE16DC240AE}"
EndProject
Project("{FAE04EC0-301F-11D3-BF4B-00C04F79EFBC}") = "MessageService.Infrastructure", "src\MessageService\MessageService.Infrastructure\MessageService.Infrastructure.csproj", "{229D09A8-7F1A-4D9E-AEC2-5A8B80CE9A21}"
EndProject
Project("{2150E333-8FDC-42A3-9474-1A3956D46DE8}") = "Tests", "Tests", "{351FF7D5-ECF8-46C0-80E5-5AD1A69D3074}"
EndProject
Project("{FAE04EC0-301F-11D3-BF4B-00C04F79EFBC}") = "MessageService.UnitTests", "MessageService.UnitTests\MessageService.UnitTests.csproj", "{9479C39E-6E0D-4C4D-9CB9-A3CA624F9351}"
EndProject
Global
	GlobalSection(SolutionConfigurationPlatforms) = preSolution
		Debug|Any CPU = Debug|Any CPU
		Debug|x64 = Debug|x64
		Debug|x86 = Debug|x86
		Release|Any CPU = Release|Any CPU
		Release|x64 = Release|x64
		Release|x86 = Release|x86
	EndGlobalSection
	GlobalSection(ProjectConfigurationPlatforms) = postSolution
		{80223D78-E465-40F1-A054-109CDDD90B57}.Debug|Any CPU.ActiveCfg = Debug|Any CPU
		{80223D78-E465-40F1-A054-109CDDD90B57}.Debug|Any CPU.Build.0 = Debug|Any CPU
		{80223D78-E465-40F1-A054-109CDDD90B57}.Debug|x64.ActiveCfg = Debug|Any CPU
		{80223D78-E465-40F1-A054-109CDDD90B57}.Debug|x64.Build.0 = Debug|Any CPU
		{80223D78-E465-40F1-A054-109CDDD90B57}.Debug|x86.ActiveCfg = Debug|Any CPU
		{80223D78-E465-40F1-A054-109CDDD90B57}.Debug|x86.Build.0 = Debug|Any CPU
		{80223D78-E465-40F1-A054-109CDDD90B57}.Release|Any CPU.ActiveCfg = Release|Any CPU
		{80223D78-E465-40F1-A054-109CDDD90B57}.Release|Any CPU.Build.0 = Release|Any CPU
		{80223D78-E465-40F1-A054-109CDDD90B57}.Release|x64.ActiveCfg = Release|Any CPU
		{80223D78-E465-40F1-A054-109CDDD90B57}.Release|x64.Build.0 = Release|Any CPU
		{80223D78-E465-40F1-A054-109CDDD90B57}.Release|x86.ActiveCfg = Release|Any CPU
		{80223D78-E465-40F1-A054-109CDDD90B57}.Release|x86.Build.0 = Release|Any CPU
		{E1039872-4638-40F0-8A3F-368BC5D79308}.Debug|Any CPU.ActiveCfg = Debug|Any CPU
		{E1039872-4638-40F0-8A3F-368BC5D79308}.Debug|Any CPU.Build.0 = Debug|Any CPU
		{E1039872-4638-40F0-8A3F-368BC5D79308}.Debug|x64.ActiveCfg = Debug|Any CPU
		{E1039872-4638-40F0-8A3F-368BC5D79308}.Debug|x64.Build.0 = Debug|Any CPU
		{E1039872-4638-40F0-8A3F-368BC5D79308}.Debug|x86.ActiveCfg = Debug|Any CPU
		{E1039872-4638-40F0-8A3F-368BC5D79308}.Debug|x86.Build.0 = Debug|Any CPU
		{E1039872-4638-40F0-8A3F-368BC5D79308}.Release|Any CPU.ActiveCfg = Release|Any CPU
		{E1039872-4638-40F0-8A3F-368BC5D79308}.Release|Any CPU.Build.0 = Release|Any CPU
		{E1039872-4638-40F0-8A3F-368BC5D79308}.Release|x64.ActiveCfg = Release|Any CPU
		{E1039872-4638-40F0-8A3F-368BC5D79308}.Release|x64.Build.0 = Release|Any CPU
		{E1039872-4638-40F0-8A3F-368BC5D79308}.Release|x86.ActiveCfg = Release|Any CPU
		{E1039872-4638-40F0-8A3F-368BC5D79308}.Release|x86.Build.0 = Release|Any CPU
		{535D6C0F-7D47-47F0-9382-F6D49198BE94}.Debug|Any CPU.ActiveCfg = Debug|Any CPU
		{535D6C0F-7D47-47F0-9382-F6D49198BE94}.Debug|Any CPU.Build.0 = Debug|Any CPU
		{535D6C0F-7D47-47F0-9382-F6D49198BE94}.Debug|x64.ActiveCfg = Debug|Any CPU
		{535D6C0F-7D47-47F0-9382-F6D49198BE94}.Debug|x64.Build.0 = Debug|Any CPU
		{535D6C0F-7D47-47F0-9382-F6D49198BE94}.Debug|x86.ActiveCfg = Debug|Any CPU
		{535D6C0F-7D47-47F0-9382-F6D49198BE94}.Debug|x86.Build.0 = Debug|Any CPU
		{535D6C0F-7D47-47F0-9382-F6D49198BE94}.Release|Any CPU.ActiveCfg = Release|Any CPU
		{535D6C0F-7D47-47F0-9382-F6D49198BE94}.Release|Any CPU.Build.0 = Release|Any CPU
		{535D6C0F-7D47-47F0-9382-F6D49198BE94}.Release|x64.ActiveCfg = Release|Any CPU
		{535D6C0F-7D47-47F0-9382-F6D49198BE94}.Release|x64.Build.0 = Release|Any CPU
		{535D6C0F-7D47-47F0-9382-F6D49198BE94}.Release|x86.ActiveCfg = Release|Any CPU
		{535D6C0F-7D47-47F0-9382-F6D49198BE94}.Release|x86.Build.0 = Release|Any CPU
		{80FC8099-25F2-4FF4-A01E-E8813FD0BDAB}.Debug|Any CPU.ActiveCfg = Debug|Any CPU
		{80FC8099-25F2-4FF4-A01E-E8813FD0BDAB}.Debug|Any CPU.Build.0 = Debug|Any CPU
		{80FC8099-25F2-4FF4-A01E-E8813FD0BDAB}.Debug|x64.ActiveCfg = Debug|Any CPU
		{80FC8099-25F2-4FF4-A01E-E8813FD0BDAB}.Debug|x64.Build.0 = Debug|Any CPU
		{80FC8099-25F2-4FF4-A01E-E8813FD0BDAB}.Debug|x86.ActiveCfg = Debug|Any CPU
		{80FC8099-25F2-4FF4-A01E-E8813FD0BDAB}.Debug|x86.Build.0 = Debug|Any CPU
		{80FC8099-25F2-4FF4-A01E-E8813FD0BDAB}.Release|Any CPU.ActiveCfg = Release|Any CPU
		{80FC8099-25F2-4FF4-A01E-E8813FD0BDAB}.Release|Any CPU.Build.0 = Release|Any CPU
		{80FC8099-25F2-4FF4-A01E-E8813FD0BDAB}.Release|x64.ActiveCfg = Release|Any CPU
		{80FC8099-25F2-4FF4-A01E-E8813FD0BDAB}.Release|x64.Build.0 = Release|Any CPU
		{80FC8099-25F2-4FF4-A01E-E8813FD0BDAB}.Release|x86.ActiveCfg = Release|Any CPU
		{80FC8099-25F2-4FF4-A01E-E8813FD0BDAB}.Release|x86.Build.0 = Release|Any CPU
		{B5A881A8-7490-4852-B94F-B5F8B941C8BE}.Debug|Any CPU.ActiveCfg = Debug|Any CPU
		{B5A881A8-7490-4852-B94F-B5F8B941C8BE}.Debug|Any CPU.Build.0 = Debug|Any CPU
		{B5A881A8-7490-4852-B94F-B5F8B941C8BE}.Debug|x64.ActiveCfg = Debug|Any CPU
		{B5A881A8-7490-4852-B94F-B5F8B941C8BE}.Debug|x64.Build.0 = Debug|Any CPU
		{B5A881A8-7490-4852-B94F-B5F8B941C8BE}.Debug|x86.ActiveCfg = Debug|Any CPU
		{B5A881A8-7490-4852-B94F-B5F8B941C8BE}.Debug|x86.Build.0 = Debug|Any CPU
		{B5A881A8-7490-4852-B94F-B5F8B941C8BE}.Release|Any CPU.ActiveCfg = Release|Any CPU
		{B5A881A8-7490-4852-B94F-B5F8B941C8BE}.Release|Any CPU.Build.0 = Release|Any CPU
		{B5A881A8-7490-4852-B94F-B5F8B941C8BE}.Release|x64.ActiveCfg = Release|Any CPU
		{B5A881A8-7490-4852-B94F-B5F8B941C8BE}.Release|x64.Build.0 = Release|Any CPU
		{B5A881A8-7490-4852-B94F-B5F8B941C8BE}.Release|x86.ActiveCfg = Release|Any CPU
		{B5A881A8-7490-4852-B94F-B5F8B941C8BE}.Release|x86.Build.0 = Release|Any CPU
		{51BC1266-1DE1-4F62-AAEF-A00FA119F8BF}.Debug|Any CPU.ActiveCfg = Debug|Any CPU
		{51BC1266-1DE1-4F62-AAEF-A00FA119F8BF}.Debug|Any CPU.Build.0 = Debug|Any CPU
		{51BC1266-1DE1-4F62-AAEF-A00FA119F8BF}.Debug|x64.ActiveCfg = Debug|Any CPU
		{51BC1266-1DE1-4F62-AAEF-A00FA119F8BF}.Debug|x64.Build.0 = Debug|Any CPU
		{51BC1266-1DE1-4F62-AAEF-A00FA119F8BF}.Debug|x86.ActiveCfg = Debug|Any CPU
		{51BC1266-1DE1-4F62-AAEF-A00FA119F8BF}.Debug|x86.Build.0 = Debug|Any CPU
		{51BC1266-1DE1-4F62-AAEF-A00FA119F8BF}.Release|Any CPU.ActiveCfg = Release|Any CPU
		{51BC1266-1DE1-4F62-AAEF-A00FA119F8BF}.Release|Any CPU.Build.0 = Release|Any CPU
		{51BC1266-1DE1-4F62-AAEF-A00FA119F8BF}.Release|x64.ActiveCfg = Release|Any CPU
		{51BC1266-1DE1-4F62-AAEF-A00FA119F8BF}.Release|x64.Build.0 = Release|Any CPU
		{51BC1266-1DE1-4F62-AAEF-A00FA119F8BF}.Release|x86.ActiveCfg = Release|Any CPU
		{51BC1266-1DE1-4F62-AAEF-A00FA119F8BF}.Release|x86.Build.0 = Release|Any CPU
		{9789F296-8FC0-4A21-8DC5-77BF78FD402C}.Debug|Any CPU.ActiveCfg = Debug|Any CPU
		{9789F296-8FC0-4A21-8DC5-77BF78FD402C}.Debug|Any CPU.Build.0 = Debug|Any CPU
		{9789F296-8FC0-4A21-8DC5-77BF78FD402C}.Debug|x64.ActiveCfg = Debug|Any CPU
		{9789F296-8FC0-4A21-8DC5-77BF78FD402C}.Debug|x64.Build.0 = Debug|Any CPU
		{9789F296-8FC0-4A21-8DC5-77BF78FD402C}.Debug|x86.ActiveCfg = Debug|Any CPU
		{9789F296-8FC0-4A21-8DC5-77BF78FD402C}.Debug|x86.Build.0 = Debug|Any CPU
		{9789F296-8FC0-4A21-8DC5-77BF78FD402C}.Release|Any CPU.ActiveCfg = Release|Any CPU
		{9789F296-8FC0-4A21-8DC5-77BF78FD402C}.Release|Any CPU.Build.0 = Release|Any CPU
		{9789F296-8FC0-4A21-8DC5-77BF78FD402C}.Release|x64.ActiveCfg = Release|Any CPU
		{9789F296-8FC0-4A21-8DC5-77BF78FD402C}.Release|x64.Build.0 = Release|Any CPU
		{9789F296-8FC0-4A21-8DC5-77BF78FD402C}.Release|x86.ActiveCfg = Release|Any CPU
		{9789F296-8FC0-4A21-8DC5-77BF78FD402C}.Release|x86.Build.0 = Release|Any CPU
		{E84BF4ED-20E3-44ED-BB0E-35E966BFD267}.Debug|Any CPU.ActiveCfg = Debug|Any CPU
		{E84BF4ED-20E3-44ED-BB0E-35E966BFD267}.Debug|Any CPU.Build.0 = Debug|Any CPU
		{E84BF4ED-20E3-44ED-BB0E-35E966BFD267}.Debug|x64.ActiveCfg = Debug|Any CPU
		{E84BF4ED-20E3-44ED-BB0E-35E966BFD267}.Debug|x64.Build.0 = Debug|Any CPU
		{E84BF4ED-20E3-44ED-BB0E-35E966BFD267}.Debug|x86.ActiveCfg = Debug|Any CPU
		{E84BF4ED-20E3-44ED-BB0E-35E966BFD267}.Debug|x86.Build.0 = Debug|Any CPU
		{E84BF4ED-20E3-44ED-BB0E-35E966BFD267}.Release|Any CPU.ActiveCfg = Release|Any CPU
		{E84BF4ED-20E3-44ED-BB0E-35E966BFD267}.Release|Any CPU.Build.0 = Release|Any CPU
		{E84BF4ED-20E3-44ED-BB0E-35E966BFD267}.Release|x64.ActiveCfg = Release|Any CPU
		{E84BF4ED-20E3-44ED-BB0E-35E966BFD267}.Release|x64.Build.0 = Release|Any CPU
		{E84BF4ED-20E3-44ED-BB0E-35E966BFD267}.Release|x86.ActiveCfg = Release|Any CPU
		{E84BF4ED-20E3-44ED-BB0E-35E966BFD267}.Release|x86.Build.0 = Release|Any CPU
		{49188A48-E8A1-44E9-9999-BBE16DC240AE}.Debug|Any CPU.ActiveCfg = Debug|Any CPU
		{49188A48-E8A1-44E9-9999-BBE16DC240AE}.Debug|Any CPU.Build.0 = Debug|Any CPU
		{49188A48-E8A1-44E9-9999-BBE16DC240AE}.Debug|x64.ActiveCfg = Debug|Any CPU
		{49188A48-E8A1-44E9-9999-BBE16DC240AE}.Debug|x64.Build.0 = Debug|Any CPU
		{49188A48-E8A1-44E9-9999-BBE16DC240AE}.Debug|x86.ActiveCfg = Debug|Any CPU
		{49188A48-E8A1-44E9-9999-BBE16DC240AE}.Debug|x86.Build.0 = Debug|Any CPU
		{49188A48-E8A1-44E9-9999-BBE16DC240AE}.Release|Any CPU.ActiveCfg = Release|Any CPU
		{49188A48-E8A1-44E9-9999-BBE16DC240AE}.Release|Any CPU.Build.0 = Release|Any CPU
		{49188A48-E8A1-44E9-9999-BBE16DC240AE}.Release|x64.ActiveCfg = Release|Any CPU
		{49188A48-E8A1-44E9-9999-BBE16DC240AE}.Release|x64.Build.0 = Release|Any CPU
		{49188A48-E8A1-44E9-9999-BBE16DC240AE}.Release|x86.ActiveCfg = Release|Any CPU
		{49188A48-E8A1-44E9-9999-BBE16DC240AE}.Release|x86.Build.0 = Release|Any CPU
		{229D09A8-7F1A-4D9E-AEC2-5A8B80CE9A21}.Debug|Any CPU.ActiveCfg = Debug|Any CPU
		{229D09A8-7F1A-4D9E-AEC2-5A8B80CE9A21}.Debug|Any CPU.Build.0 = Debug|Any CPU
		{229D09A8-7F1A-4D9E-AEC2-5A8B80CE9A21}.Debug|x64.ActiveCfg = Debug|Any CPU
		{229D09A8-7F1A-4D9E-AEC2-5A8B80CE9A21}.Debug|x64.Build.0 = Debug|Any CPU
		{229D09A8-7F1A-4D9E-AEC2-5A8B80CE9A21}.Debug|x86.ActiveCfg = Debug|Any CPU
		{229D09A8-7F1A-4D9E-AEC2-5A8B80CE9A21}.Debug|x86.Build.0 = Debug|Any CPU
		{229D09A8-7F1A-4D9E-AEC2-5A8B80CE9A21}.Release|Any CPU.ActiveCfg = Release|Any CPU
		{229D09A8-7F1A-4D9E-AEC2-5A8B80CE9A21}.Release|Any CPU.Build.0 = Release|Any CPU
		{229D09A8-7F1A-4D9E-AEC2-5A8B80CE9A21}.Release|x64.ActiveCfg = Release|Any CPU
		{229D09A8-7F1A-4D9E-AEC2-5A8B80CE9A21}.Release|x64.Build.0 = Release|Any CPU
		{229D09A8-7F1A-4D9E-AEC2-5A8B80CE9A21}.Release|x86.ActiveCfg = Release|Any CPU
		{229D09A8-7F1A-4D9E-AEC2-5A8B80CE9A21}.Release|x86.Build.0 = Release|Any CPU
		{9479C39E-6E0D-4C4D-9CB9-A3CA624F9351}.Debug|Any CPU.ActiveCfg = Debug|Any CPU
		{9479C39E-6E0D-4C4D-9CB9-A3CA624F9351}.Debug|Any CPU.Build.0 = Debug|Any CPU
		{9479C39E-6E0D-4C4D-9CB9-A3CA624F9351}.Debug|x64.ActiveCfg = Debug|Any CPU
		{9479C39E-6E0D-4C4D-9CB9-A3CA624F9351}.Debug|x64.Build.0 = Debug|Any CPU
		{9479C39E-6E0D-4C4D-9CB9-A3CA624F9351}.Debug|x86.ActiveCfg = Debug|Any CPU
		{9479C39E-6E0D-4C4D-9CB9-A3CA624F9351}.Debug|x86.Build.0 = Debug|Any CPU
		{9479C39E-6E0D-4C4D-9CB9-A3CA624F9351}.Release|Any CPU.ActiveCfg = Release|Any CPU
		{9479C39E-6E0D-4C4D-9CB9-A3CA624F9351}.Release|Any CPU.Build.0 = Release|Any CPU
		{9479C39E-6E0D-4C4D-9CB9-A3CA624F9351}.Release|x64.ActiveCfg = Release|Any CPU
		{9479C39E-6E0D-4C4D-9CB9-A3CA624F9351}.Release|x64.Build.0 = Release|Any CPU
		{9479C39E-6E0D-4C4D-9CB9-A3CA624F9351}.Release|x86.ActiveCfg = Release|Any CPU
		{9479C39E-6E0D-4C4D-9CB9-A3CA624F9351}.Release|x86.Build.0 = Release|Any CPU
	EndGlobalSection
	GlobalSection(SolutionProperties) = preSolution
		HideSolutionNode = FALSE
	EndGlobalSection
	GlobalSection(NestedProjects) = preSolution
		{B5A881A8-7490-4852-B94F-B5F8B941C8BE} = {0AB3BF05-4346-4AA6-1389-037BE0695223}
		{51BC1266-1DE1-4F62-AAEF-A00FA119F8BF} = {0AB3BF05-4346-4AA6-1389-037BE0695223}
		{9789F296-8FC0-4A21-8DC5-77BF78FD402C} = {E22D8CE4-C7E7-4093-90E0-6748FC1786EA}
		{E84BF4ED-20E3-44ED-BB0E-35E966BFD267} = {E22D8CE4-C7E7-4093-90E0-6748FC1786EA}
		{49188A48-E8A1-44E9-9999-BBE16DC240AE} = {E22D8CE4-C7E7-4093-90E0-6748FC1786EA}
		{229D09A8-7F1A-4D9E-AEC2-5A8B80CE9A21} = {E22D8CE4-C7E7-4093-90E0-6748FC1786EA}
		{351FF7D5-ECF8-46C0-80E5-5AD1A69D3074} = {E22D8CE4-C7E7-4093-90E0-6748FC1786EA}
		{9479C39E-6E0D-4C4D-9CB9-A3CA624F9351} = {351FF7D5-ECF8-46C0-80E5-5AD1A69D3074}
	EndGlobalSection
EndGlobal
